
Microsoft Visual Studio Solution File, Format Version 12.00
# Visual Studio Version 16
VisualStudioVersion = 16.0.31515.178
MinimumVisualStudioVersion = 10.0.40219.1
Project("{FAE04EC0-301F-11D3-BF4B-00C04F79EFBC}") = "ProductReviewManagement", "ProductReviewManagement\ProductReviewManagement.csproj", "{AFCB22AE-4818-4EBF-8401-A89C4DC9B0D6}"
EndProject
Global
	GlobalSection(SolutionConfigurationPlatforms) = preSolution
		Debug|Any CPU = Debug|Any CPU
		Release|Any CPU = Release|Any CPU
	EndGlobalSection
	GlobalSection(ProjectConfigurationPlatforms) = postSolution
		{AFCB22AE-4818-4EBF-8401-A89C4DC9B0D6}.Debug|Any CPU.ActiveCfg = Debug|Any CPU
		{AFCB22AE-4818-4EBF-8401-A89C4DC9B0D6}.Debug|Any CPU.Build.0 = Debug|Any CPU
		{AFCB22AE-4818-4EBF-8401-A89C4DC9B0D6}.Release|Any CPU.ActiveCfg = Release|Any CPU
		{AFCB22AE-4818-4EBF-8401-A89C4DC9B0D6}.Release|Any CPU.Build.0 = Release|Any CPU
	EndGlobalSection
	GlobalSection(SolutionProperties) = preSolution
		HideSolutionNode = FALSE
	EndGlobalSection
	GlobalSection(ExtensibilityGlobals) = postSolution
		SolutionGuid = {C8E1D63C-1957-472C-A51A-167B846BBDF5}
	EndGlobalSection
EndGlobal
